github.com/johnietre/utils/go v0.0.0-20231021184807-ec969123712b h1:24r2jyxCYxuoZYACyY8fLgbuAYkEE9aRe63cAiup28I=
github.com/johnietre/utils/go v0.0.0-20231021184807-ec969123712b/go.mod h1:EIHQk2LLgdrOzVqAfAAmDOwjQUB+j0lLB22TNRE0Xyk=
github.com/johnietre/utils/go v0.0.0-20231207191459-0bb753e0dc7e h1:UysFZlIVXHIrjWj/fsMjpmAiEumTpp6JGLfWjPdR+Nw=
github.com/johnietre/utils/go v0.0.0-20231207191459-0bb753e0dc7e/go.mod h1:EIHQk2LLgdrOzVqAfAAmDOwjQUB+j0lLB22TNRE0Xyk=
golang.org/x/net v0.17.0 h1:pVaXccu2ozPjCXewfr1S7xza/zcXTity9cCdXQYSjIM=
golang.org/x/net v0.17.0/go.mod h1:NxSsAGuq816PNPmqtQdLE42eU2Fs7NoRIZrHJAlaCOE=
